// !$*UTF8*$!
{
	archiveVersion = 1;
	classes = {
	};
	objectVersion = 46;
	objects = {

/* Begin PBXBuildFile section */
		13B07FBC1A68108700A75B9A /* AppDelegate.m in Sources */ = {isa = PBXBuildFile; fileRef = 13B07FB01A68108700A75B9A /* AppDelegate.m */; };
		13B07FBD1A68108700A75B9A /* LaunchScreen.xib in Resources */ = {isa = PBXBuildFile; fileRef = 13B07FB11A68108700A75B9A /* LaunchScreen.xib */; };
		13B07FBF1A68108700A75B9A /* Images.xcassets in Resources */ = {isa = PBXBuildFile; fileRef = 13B07FB51A68108700A75B9A /* Images.xcassets */; };
		13B07FC11A68108700A75B9A /* main.m in Sources */ = {isa = PBXBuildFile; fileRef = 13B07FB71A68108700A75B9A /* main.m */; };
		3E461D99554A48A4959DE609 /* SplashScreen.storyboard in Resources */ = {isa = PBXBuildFile; fileRef = AA286B85B6C04FC6940260E9 /* SplashScreen.storyboard */; };
		96905EF65AED1B983A6B3ABC /* libPods-securitysystem.a in Frameworks */ = {isa = PBXBuildFile; fileRef = 58EEBF8E8E6FB1BC6CAF49B5 /* libPods-securitysystem.a */; };
		BB2F792D24A3F905000567C9 /* Expo.plist in Resources */ = {isa = PBXBuildFile; fileRef = BB2F792C24A3F905000567C9 /* Expo.plist */; };
		2735E77AD4B34E7AA3E2BF25 /* Avenir Heavy.ttf in Resources */ = {isa = PBXBuildFile; fileRef = 4BEE8F2DBAD5442CA0373F91 /* Avenir Heavy.ttf */; };
		1D036A5DB77E437799462AA9 /* Avenir Medium.ttf in Resources */ = {isa = PBXBuildFile; fileRef = 4B635669709D4F82B23B079C /* Avenir Medium.ttf */; };
		FB9A124538994C09905FBA9C /* AvenirLTStd-Black.otf in Resources */ = {isa = PBXBuildFile; fileRef = F651133FA6214203AD8FC8E1 /* AvenirLTStd-Black.otf */; };
		64BFE55815AD49948036B692 /* AvenirLTStd-Book.otf in Resources */ = {isa = PBXBuildFile; fileRef = 84ACF7F92691473EB27758CD /* AvenirLTStd-Book.otf */; };
		58B61F5F93CE43EA9886C558 /* AvenirLTStd-Roman.otf in Resources */ = {isa = PBXBuildFile; fileRef = 9F4E1986E7AC4A88A20BEBEA /* AvenirLTStd-Roman.otf */; };
		6AB03977A0CC41C9B59C4F86 /* Brown Bold.ttf in Resources */ = {isa = PBXBuildFile; fileRef = D68749E333344FE2A9356FBF /* Brown Bold.ttf */; };
		5307627889414AADBB68D5F4 /* FontsFree-Net-SFProText-Regular.ttf in Resources */ = {isa = PBXBuildFile; fileRef = D626B7300D6F4728A4642D91 /* FontsFree-Net-SFProText-Regular.ttf */; };
		CD118600BA8743739E85ADFC /* GraphikRegular.otf in Resources */ = {isa = PBXBuildFile; fileRef = F57C73C617FD42D5B1F96409 /* GraphikRegular.otf */; };
		4786A8A3020F4073A91ACDB0 /* HelveticaNeue-Regular.ttf in Resources */ = {isa = PBXBuildFile; fileRef = CDE87F5E6604448C812A607F /* HelveticaNeue-Regular.ttf */; };
		C9DABF3F80EE4B63ADAEE2DF /* SFProDisplay-Regular.ttf in Resources */ = {isa = PBXBuildFile; fileRef = ECD52D3EC87F47CCB1B6AD12 /* SFProDisplay-Regular.ttf */; };
		A2F405E581634CA9BDBC4525 /* SFProDisplay-Semibold.ttf in Resources */ = {isa = PBXBuildFile; fileRef = 91A44E636D804172A7593C53 /* SFProDisplay-Semibold.ttf */; };
		C4DAAFA50CAF40ADBDE72F37 /* SFProText-Semibold.ttf in Resources */ = {isa = PBXBuildFile; fileRef = 2C78C9FF0501447FA45FEB19 /* SFProText-Semibold.ttf */; };
		0104B300944C44DCB7052B95 /* AntDesign.ttf in Resources */ = {isa = PBXBuildFile; fileRef = DDF6F7C8E5EF4E5BAA8EDDE6 /* AntDesign.ttf */; };
		2A2442547CBB45619EA56306 /* Entypo.ttf in Resources */ = {isa = PBXBuildFile; fileRef = 39507E1A2EA142F6AA4E9EB1 /* Entypo.ttf */; };
		3B1C2B2E81514E44B0506A62 /* EvilIcons.ttf in Resources */ = {isa = PBXBuildFile; fileRef = 68159A93B8D24903B3A556CC /* EvilIcons.ttf */; };
		3547494482164D599E0E8DF5 /* Feather.ttf in Resources */ = {isa = PBXBuildFile; fileRef = 61C3D7847E7B44A09D28FD90 /* Feather.ttf */; };
		7534FE09C21A4A139FA1EB55 /* FontAwesome.ttf in Resources */ = {isa = PBXBuildFile; fileRef = 2B744CF5C3A646DDA641FBA5 /* FontAwesome.ttf */; };
		18EF493417904703B6CE7DCB /* FontAwesome5_Brands.ttf in Resources */ = {isa = PBXBuildFile; fileRef = 47AED970525D4BCF8AB0C813 /* FontAwesome5_Brands.ttf */; };
		64F117FE644A49F9B23659FD /* FontAwesome5_Regular.ttf in Resources */ = {isa = PBXBuildFile; fileRef = 01895EFC69514F66941B0DD2 /* FontAwesome5_Regular.ttf */; };
		B5C1F2B4EE87472DB3DAB72D /* FontAwesome5_Solid.ttf in Resources */ = {isa = PBXBuildFile; fileRef = F42BC8D1FC3E4EDE8BDAD04A /* FontAwesome5_Solid.ttf */; };
		59ACF972424A41728CFD489A /* Fontisto.ttf in Resources */ = {isa = PBXBuildFile; fileRef = AA502B77D8984238AD79A0AE /* Fontisto.ttf */; };
		5BDA3059BD1B42E88E36A763 /* Foundation.ttf in Resources */ = {isa = PBXBuildFile; fileRef = 995378C95FFE4B7287E450F1 /* Foundation.ttf */; };
		2BEB387888C243E4A3C72738 /* Ionicons.ttf in Resources */ = {isa = PBXBuildFile; fileRef = 516A1640822141CDB86B8AA7 /* Ionicons.ttf */; };
		77BE5C452CD545399EB2BEE9 /* MaterialCommunityIcons.ttf in Resources */ = {isa = PBXBuildFile; fileRef = CDC4DEA1459C410DA70653D4 /* MaterialCommunityIcons.ttf */; };
		757AFDC5041F4B7596241D96 /* MaterialIcons.ttf in Resources */ = {isa = PBXBuildFile; fileRef = 17F20D11B64A49C181FE3BC5 /* MaterialIcons.ttf */; };
		EB94767DB2C04D2081F1DD8E /* Octicons.ttf in Resources */ = {isa = PBXBuildFile; fileRef = 0BCC359FF874405284987AF1 /* Octicons.ttf */; };
		09AB0AE06D6747E58FBD6DB1 /* SimpleLineIcons.ttf in Resources */ = {isa = PBXBuildFile; fileRef = 58C34A665EEC4AC7A151EAEB /* SimpleLineIcons.ttf */; };
		5DC4112ED22D406F82D0AC34 /* Zocial.ttf in Resources */ = {isa = PBXBuildFile; fileRef = 4BB4AA7DCE7B467BAE44CFC5 /* Zocial.ttf */; };
/* End PBXBuildFile section */

/* Begin PBXFileReference section */
		008F07F21AC5B25A0029DE68 /* main.jsbundle */ = {isa = PBXFileReference; fileEncoding = 4; lastKnownFileType = text; path = main.jsbundle; sourceTree = "<group>"; };
		13B07F961A680F5B00A75B9A /* securitysystem.app */ = {isa = PBXFileReference; explicitFileType = wrapper.application; includeInIndex = 0; path = securitysystem.app; sourceTree = BUILT_PRODUCTS_DIR; };
		13B07FAF1A68108700A75B9A /* AppDelegate.h */ = {isa = PBXFileReference; fileEncoding = 4; lastKnownFileType = sourcecode.c.h; name = AppDelegate.h; path = securitysystem/AppDelegate.h; sourceTree = "<group>"; };
		13B07FB01A68108700A75B9A /* AppDelegate.m */ = {isa = PBXFileReference; fileEncoding = 4; lastKnownFileType = sourcecode.c.objc; name = AppDelegate.m; path = securitysystem/AppDelegate.m; sourceTree = "<group>"; };
		13B07FB21A68108700A75B9A /* Base */ = {isa = PBXFileReference; lastKnownFileType = file.xib; name = Base; path = Base.lproj/LaunchScreen.xib; sourceTree = "<group>"; };
		13B07FB51A68108700A75B9A /* Images.xcassets */ = {isa = PBXFileReference; lastKnownFileType = folder.assetcatalog; name = Images.xcassets; path = securitysystem/Images.xcassets; sourceTree = "<group>"; };
		13B07FB61A68108700A75B9A /* Info.plist */ = {isa = PBXFileReference; fileEncoding = 4; lastKnownFileType = text.plist.xml; name = Info.plist; path = securitysystem/Info.plist; sourceTree = "<group>"; };
		13B07FB71A68108700A75B9A /* main.m */ = {isa = PBXFileReference; fileEncoding = 4; lastKnownFileType = sourcecode.c.objc; name = main.m; path = securitysystem/main.m; sourceTree = "<group>"; };
		58EEBF8E8E6FB1BC6CAF49B5 /* libPods-securitysystem.a */ = {isa = PBXFileReference; explicitFileType = archive.ar; includeInIndex = 0; path = "libPods-securitysystem.a"; sourceTree = BUILT_PRODUCTS_DIR; };
		6C2E3173556A471DD304B334 /* Pods-securitysystem.debug.xcconfig */ = {isa = PBXFileReference; includeInIndex = 1; lastKnownFileType = text.xcconfig; name = "Pods-securitysystem.debug.xcconfig"; path = "Target Support Files/Pods-securitysystem/Pods-securitysystem.debug.xcconfig"; sourceTree = "<group>"; };
		7A4D352CD337FB3A3BF06240 /* Pods-securitysystem.release.xcconfig */ = {isa = PBXFileReference; includeInIndex = 1; lastKnownFileType = text.xcconfig; name = "Pods-securitysystem.release.xcconfig"; path = "Target Support Files/Pods-securitysystem/Pods-securitysystem.release.xcconfig"; sourceTree = "<group>"; };
		AA286B85B6C04FC6940260E9 /* SplashScreen.storyboard */ = {isa = PBXFileReference; fileEncoding = 4; lastKnownFileType = file.storyboard; name = SplashScreen.storyboard; path = securitysystem/SplashScreen.storyboard; sourceTree = "<group>"; };
		BB2F792C24A3F905000567C9 /* Expo.plist */ = {isa = PBXFileReference; fileEncoding = 4; lastKnownFileType = text.plist.xml; path = Expo.plist; sourceTree = "<group>"; };
		ED297162215061F000B7C4FE /* JavaScriptCore.framework */ = {isa = PBXFileReference; lastKnownFileType = wrapper.framework; name = JavaScriptCore.framework; path = System/Library/Frameworks/JavaScriptCore.framework; sourceTree = SDKROOT; };
		ED2971642150620600B7C4FE /* JavaScriptCore.framework */ = {isa = PBXFileReference; lastKnownFileType = wrapper.framework; name = JavaScriptCore.framework; path = Platforms/AppleTVOS.platform/Developer/SDKs/AppleTVOS12.0.sdk/System/Library/Frameworks/JavaScriptCore.framework; sourceTree = DEVELOPER_DIR; };
		4BEE8F2DBAD5442CA0373F91 /* Avenir Heavy.ttf */ = {isa = PBXFileReference; name = "Avenir Heavy.ttf"; path = "../src/assets/fonts/Avenir Heavy.ttf"; sourceTree = "<group>"; fileEncoding = undefined; lastKnownFileType = unknown; explicitFileType = undefined; includeInIndex = 0; };
		4B635669709D4F82B23B079C /* Avenir Medium.ttf */ = {isa = PBXFileReference; name = "Avenir Medium.ttf"; path = "../src/assets/fonts/Avenir Medium.ttf"; sourceTree = "<group>"; fileEncoding = undefined; lastKnownFileType = unknown; explicitFileType = undefined; includeInIndex = 0; };
		F651133FA6214203AD8FC8E1 /* AvenirLTStd-Black.otf */ = {isa = PBXFileReference; name = "AvenirLTStd-Black.otf"; path = "../src/assets/fonts/AvenirLTStd-Black.otf"; sourceTree = "<group>"; fileEncoding = undefined; lastKnownFileType = unknown; explicitFileType = undefined; includeInIndex = 0; };
		84ACF7F92691473EB27758CD /* AvenirLTStd-Book.otf */ = {isa = PBXFileReference; name = "AvenirLTStd-Book.otf"; path = "../src/assets/fonts/AvenirLTStd-Book.otf"; sourceTree = "<group>"; fileEncoding = undefined; lastKnownFileType = unknown; explicitFileType = undefined; includeInIndex = 0; };
		9F4E1986E7AC4A88A20BEBEA /* AvenirLTStd-Roman.otf */ = {isa = PBXFileReference; name = "AvenirLTStd-Roman.otf"; path = "../src/assets/fonts/AvenirLTStd-Roman.otf"; sourceTree = "<group>"; fileEncoding = undefined; lastKnownFileType = unknown; explicitFileType = undefined; includeInIndex = 0; };
		D68749E333344FE2A9356FBF /* Brown Bold.ttf */ = {isa = PBXFileReference; name = "Brown Bold.ttf"; path = "../src/assets/fonts/Brown Bold.ttf"; sourceTree = "<group>"; fileEncoding = undefined; lastKnownFileType = unknown; explicitFileType = undefined; includeInIndex = 0; };
		D626B7300D6F4728A4642D91 /* FontsFree-Net-SFProText-Regular.ttf */ = {isa = PBXFileReference; name = "FontsFree-Net-SFProText-Regular.ttf"; path = "../src/assets/fonts/FontsFree-Net-SFProText-Regular.ttf"; sourceTree = "<group>"; fileEncoding = undefined; lastKnownFileType = unknown; explicitFileType = undefined; includeInIndex = 0; };
		F57C73C617FD42D5B1F96409 /* GraphikRegular.otf */ = {isa = PBXFileReference; name = "GraphikRegular.otf"; path = "../src/assets/fonts/GraphikRegular.otf"; sourceTree = "<group>"; fileEncoding = undefined; lastKnownFileType = unknown; explicitFileType = undefined; includeInIndex = 0; };
		CDE87F5E6604448C812A607F /* HelveticaNeue-Regular.ttf */ = {isa = PBXFileReference; name = "HelveticaNeue-Regular.ttf"; path = "../src/assets/fonts/HelveticaNeue-Regular.ttf"; sourceTree = "<group>"; fileEncoding = undefined; lastKnownFileType = unknown; explicitFileType = undefined; includeInIndex = 0; };
		ECD52D3EC87F47CCB1B6AD12 /* SFProDisplay-Regular.ttf */ = {isa = PBXFileReference; name = "SFProDisplay-Regular.ttf"; path = "../src/assets/fonts/SFProDisplay-Regular.ttf"; sourceTree = "<group>"; fileEncoding = undefined; lastKnownFileType = unknown; explicitFileType = undefined; includeInIndex = 0; };
		91A44E636D804172A7593C53 /* SFProDisplay-Semibold.ttf */ = {isa = PBXFileReference; name = "SFProDisplay-Semibold.ttf"; path = "../src/assets/fonts/SFProDisplay-Semibold.ttf"; sourceTree = "<group>"; fileEncoding = undefined; lastKnownFileType = unknown; explicitFileType = undefined; includeInIndex = 0; };
		2C78C9FF0501447FA45FEB19 /* SFProText-Semibold.ttf */ = {isa = PBXFileReference; name = "SFProText-Semibold.ttf"; path = "../src/assets/fonts/SFProText-Semibold.ttf"; sourceTree = "<group>"; fileEncoding = undefined; lastKnownFileType = unknown; explicitFileType = undefined; includeInIndex = 0; };
		DDF6F7C8E5EF4E5BAA8EDDE6 /* AntDesign.ttf */ = {isa = PBXFileReference; name = "AntDesign.ttf"; path = "../node_modules/react-native-vector-icons/Fonts/AntDesign.ttf"; sourceTree = "<group>"; fileEncoding = undefined; lastKnownFileType = unknown; explicitFileType = undefined; includeInIndex = 0; };
		39507E1A2EA142F6AA4E9EB1 /* Entypo.ttf */ = {isa = PBXFileReference; name = "Entypo.ttf"; path = "../node_modules/react-native-vector-icons/Fonts/Entypo.ttf"; sourceTree = "<group>"; fileEncoding = undefined; lastKnownFileType = unknown; explicitFileType = undefined; includeInIndex = 0; };
		68159A93B8D24903B3A556CC /* EvilIcons.ttf */ = {isa = PBXFileReference; name = "EvilIcons.ttf"; path = "../node_modules/react-native-vector-icons/Fonts/EvilIcons.ttf"; sourceTree = "<group>"; fileEncoding = undefined; lastKnownFileType = unknown; explicitFileType = undefined; includeInIndex = 0; };
		61C3D7847E7B44A09D28FD90 /* Feather.ttf */ = {isa = PBXFileReference; name = "Feather.ttf"; path = "../node_modules/react-native-vector-icons/Fonts/Feather.ttf"; sourceTree = "<group>"; fileEncoding = undefined; lastKnownFileType = unknown; explicitFileType = undefined; includeInIndex = 0; };
		2B744CF5C3A646DDA641FBA5 /* FontAwesome.ttf */ = {isa = PBXFileReference; name = "FontAwesome.ttf"; path = "../node_modules/react-native-vector-icons/Fonts/FontAwesome.ttf"; sourceTree = "<group>"; fileEncoding = undefined; lastKnownFileType = unknown; explicitFileType = undefined; includeInIndex = 0; };
		47AED970525D4BCF8AB0C813 /* FontAwesome5_Brands.ttf */ = {isa = PBXFileReference; name = "FontAwesome5_Brands.ttf"; path = "../node_modules/react-native-vector-icons/Fonts/FontAwesome5_Brands.ttf"; sourceTree = "<group>"; fileEncoding = undefined; lastKnownFileType = unknown; explicitFileType = undefined; includeInIndex = 0; };
		01895EFC69514F66941B0DD2 /* FontAwesome5_Regular.ttf */ = {isa = PBXFileReference; name = "FontAwesome5_Regular.ttf"; path = "../node_modules/react-native-vector-icons/Fonts/FontAwesome5_Regular.ttf"; sourceTree = "<group>"; fileEncoding = undefined; lastKnownFileType = unknown; explicitFileType = undefined; includeInIndex = 0; };
		F42BC8D1FC3E4EDE8BDAD04A /* FontAwesome5_Solid.ttf */ = {isa = PBXFileReference; name = "FontAwesome5_Solid.ttf"; path = "../node_modules/react-native-vector-icons/Fonts/FontAwesome5_Solid.ttf"; sourceTree = "<group>"; fileEncoding = undefined; lastKnownFileType = unknown; explicitFileType = undefined; includeInIndex = 0; };
		AA502B77D8984238AD79A0AE /* Fontisto.ttf */ = {isa = PBXFileReference; name = "Fontisto.ttf"; path = "../node_modules/react-native-vector-icons/Fonts/Fontisto.ttf"; sourceTree = "<group>"; fileEncoding = undefined; lastKnownFileType = unknown; explicitFileType = undefined; includeInIndex = 0; };
		995378C95FFE4B7287E450F1 /* Foundation.ttf */ = {isa = PBXFileReference; name = "Foundation.ttf"; path = "../node_modules/react-native-vector-icons/Fonts/Foundation.ttf"; sourceTree = "<group>"; fileEncoding = undefined; lastKnownFileType = unknown; explicitFileType = undefined; includeInIndex = 0; };
		516A1640822141CDB86B8AA7 /* Ionicons.ttf */ = {isa = PBXFileReference; name = "Ionicons.ttf"; path = "../node_modules/react-native-vector-icons/Fonts/Ionicons.ttf"; sourceTree = "<group>"; fileEncoding = undefined; lastKnownFileType = unknown; explicitFileType = undefined; includeInIndex = 0; };
		CDC4DEA1459C410DA70653D4 /* MaterialCommunityIcons.ttf */ = {isa = PBXFileReference; name = "MaterialCommunityIcons.ttf"; path = "../node_modules/react-native-vector-icons/Fonts/MaterialCommunityIcons.ttf"; sourceTree = "<group>"; fileEncoding = undefined; lastKnownFileType = unknown; explicitFileType = undefined; includeInIndex = 0; };
		17F20D11B64A49C181FE3BC5 /* MaterialIcons.ttf */ = {isa = PBXFileReference; name = "MaterialIcons.ttf"; path = "../node_modules/react-native-vector-icons/Fonts/MaterialIcons.ttf"; sourceTree = "<group>"; fileEncoding = undefined; lastKnownFileType = unknown; explicitFileType = undefined; includeInIndex = 0; };
		0BCC359FF874405284987AF1 /* Octicons.ttf */ = {isa = PBXFileReference; name = "Octicons.ttf"; path = "../node_modules/react-native-vector-icons/Fonts/Octicons.ttf"; sourceTree = "<group>"; fileEncoding = undefined; lastKnownFileType = unknown; explicitFileType = undefined; includeInIndex = 0; };
		58C34A665EEC4AC7A151EAEB /* SimpleLineIcons.ttf */ = {isa = PBXFileReference; name = "SimpleLineIcons.ttf"; path = "../node_modules/react-native-vector-icons/Fonts/SimpleLineIcons.ttf"; sourceTree = "<group>"; fileEncoding = undefined; lastKnownFileType = unknown; explicitFileType = undefined; includeInIndex = 0; };
		4BB4AA7DCE7B467BAE44CFC5 /* Zocial.ttf */ = {isa = PBXFileReference; name = "Zocial.ttf"; path = "../node_modules/react-native-vector-icons/Fonts/Zocial.ttf"; sourceTree = "<group>"; fileEncoding = undefined; lastKnownFileType = unknown; explicitFileType = undefined; includeInIndex = 0; };
/* End PBXFileReference section */

/* Begin PBXFrameworksBuildPhase section */
		13B07F8C1A680F5B00A75B9A /* Frameworks */ = {
			isa = PBXFrameworksBuildPhase;
			buildActionMask = 2147483647;
			files = (
				96905EF65AED1B983A6B3ABC /* libPods-securitysystem.a in Frameworks */,
			);
			runOnlyForDeploymentPostprocessing = 0;
		};
/* End PBXFrameworksBuildPhase section */

/* Begin PBXGroup section */
		13B07FAE1A68108700A75B9A /* securitysystem */ = {
			isa = PBXGroup;
			children = (
				BB2F792B24A3F905000567C9 /* Supporting */,
				008F07F21AC5B25A0029DE68 /* main.jsbundle */,
				13B07FAF1A68108700A75B9A /* AppDelegate.h */,
				13B07FB01A68108700A75B9A /* AppDelegate.m */,
				13B07FB51A68108700A75B9A /* Images.xcassets */,
				13B07FB61A68108700A75B9A /* Info.plist */,
				13B07FB11A68108700A75B9A /* LaunchScreen.xib */,
				13B07FB71A68108700A75B9A /* main.m */,
				AA286B85B6C04FC6940260E9 /* SplashScreen.storyboard */,
			);
			name = securitysystem;
			sourceTree = "<group>";
		};
		2D16E6871FA4F8E400B85C8A /* Frameworks */ = {
			isa = PBXGroup;
			children = (
				ED297162215061F000B7C4FE /* JavaScriptCore.framework */,
				ED2971642150620600B7C4FE /* JavaScriptCore.framework */,
				58EEBF8E8E6FB1BC6CAF49B5 /* libPods-securitysystem.a */,
			);
			name = Frameworks;
			sourceTree = "<group>";
		};
		832341AE1AAA6A7D00B99B32 /* Libraries */ = {
			isa = PBXGroup;
			children = (
			);
			name = Libraries;
			sourceTree = "<group>";
		};
		83CBB9F61A601CBA00E9B192 = {
			isa = PBXGroup;
			children = (
				13B07FAE1A68108700A75B9A /* securitysystem */,
				832341AE1AAA6A7D00B99B32 /* Libraries */,
				83CBBA001A601CBA00E9B192 /* Products */,
				2D16E6871FA4F8E400B85C8A /* Frameworks */,
				D65327D7A22EEC0BE12398D9 /* Pods */,
				4507E1C6863B4F2883C7648E /* Resources */,
			);
			indentWidth = 2;
			sourceTree = "<group>";
			tabWidth = 2;
			usesTabs = 0;
		};
		83CBBA001A601CBA00E9B192 /* Products */ = {
			isa = PBXGroup;
			children = (
				13B07F961A680F5B00A75B9A /* securitysystem.app */,
			);
			name = Products;
			sourceTree = "<group>";
		};
		BB2F792B24A3F905000567C9 /* Supporting */ = {
			isa = PBXGroup;
			children = (
				BB2F792C24A3F905000567C9 /* Expo.plist */,
			);
			name = Supporting;
			path = securitysystem/Supporting;
			sourceTree = "<group>";
		};
		D65327D7A22EEC0BE12398D9 /* Pods */ = {
			isa = PBXGroup;
			children = (
				6C2E3173556A471DD304B334 /* Pods-securitysystem.debug.xcconfig */,
				7A4D352CD337FB3A3BF06240 /* Pods-securitysystem.release.xcconfig */,
			);
			path = Pods;
			sourceTree = "<group>";
		};
		4507E1C6863B4F2883C7648E /* Resources */ = {
			isa = "PBXGroup";
			children = (
				4BEE8F2DBAD5442CA0373F91 /* Avenir Heavy.ttf */,
				4B635669709D4F82B23B079C /* Avenir Medium.ttf */,
				F651133FA6214203AD8FC8E1 /* AvenirLTStd-Black.otf */,
				84ACF7F92691473EB27758CD /* AvenirLTStd-Book.otf */,
				9F4E1986E7AC4A88A20BEBEA /* AvenirLTStd-Roman.otf */,
				D68749E333344FE2A9356FBF /* Brown Bold.ttf */,
				D626B7300D6F4728A4642D91 /* FontsFree-Net-SFProText-Regular.ttf */,
				F57C73C617FD42D5B1F96409 /* GraphikRegular.otf */,
				CDE87F5E6604448C812A607F /* HelveticaNeue-Regular.ttf */,
				ECD52D3EC87F47CCB1B6AD12 /* SFProDisplay-Regular.ttf */,
				91A44E636D804172A7593C53 /* SFProDisplay-Semibold.ttf */,
				2C78C9FF0501447FA45FEB19 /* SFProText-Semibold.ttf */,
				DDF6F7C8E5EF4E5BAA8EDDE6 /* AntDesign.ttf */,
				39507E1A2EA142F6AA4E9EB1 /* Entypo.ttf */,
				68159A93B8D24903B3A556CC /* EvilIcons.ttf */,
				61C3D7847E7B44A09D28FD90 /* Feather.ttf */,
				2B744CF5C3A646DDA641FBA5 /* FontAwesome.ttf */,
				47AED970525D4BCF8AB0C813 /* FontAwesome5_Brands.ttf */,
				01895EFC69514F66941B0DD2 /* FontAwesome5_Regular.ttf */,
				F42BC8D1FC3E4EDE8BDAD04A /* FontAwesome5_Solid.ttf */,
				AA502B77D8984238AD79A0AE /* Fontisto.ttf */,
				995378C95FFE4B7287E450F1 /* Foundation.ttf */,
				516A1640822141CDB86B8AA7 /* Ionicons.ttf */,
				CDC4DEA1459C410DA70653D4 /* MaterialCommunityIcons.ttf */,
				17F20D11B64A49C181FE3BC5 /* MaterialIcons.ttf */,
				0BCC359FF874405284987AF1 /* Octicons.ttf */,
				58C34A665EEC4AC7A151EAEB /* SimpleLineIcons.ttf */,
				4BB4AA7DCE7B467BAE44CFC5 /* Zocial.ttf */,
			);
			name = Resources;
			sourceTree = "<group>";
			path = "";
		};
/* End PBXGroup section */

/* Begin PBXNativeTarget section */
		13B07F861A680F5B00A75B9A /* securitysystem */ = {
			isa = PBXNativeTarget;
			buildConfigurationList = 13B07F931A680F5B00A75B9A /* Build configuration list for PBXNativeTarget "securitysystem" */;
			buildPhases = (
				08A4A3CD28434E44B6B9DE2E /* [CP] Check Pods Manifest.lock */,
				FD10A7F022414F080027D42C /* Start Packager */,
				13B07F871A680F5B00A75B9A /* Sources */,
				13B07F8C1A680F5B00A75B9A /* Frameworks */,
				13B07F8E1A680F5B00A75B9A /* Resources */,
				00DD1BFF1BD5951E006B06BC /* Bundle React Native code and images */,
				800E24972A6A228C8D4807E9 /* [CP] Copy Pods Resources */,
			);
			buildRules = (
			);
			dependencies = (
			);
			name = securitysystem;
			productName = securitysystem;
			productReference = 13B07F961A680F5B00A75B9A /* securitysystem.app */;
			productType = "com.apple.product-type.application";
		};
/* End PBXNativeTarget section */

/* Begin PBXProject section */
		83CBB9F71A601CBA00E9B192 /* Project object */ = {
			isa = PBXProject;
			attributes = {
				LastUpgradeCheck = 1130;
				TargetAttributes = {
					13B07F861A680F5B00A75B9A = {
						LastSwiftMigration = 1120;
					};
				};
			};
			buildConfigurationList = 83CBB9FA1A601CBA00E9B192 /* Build configuration list for PBXProject "securitysystem" */;
			compatibilityVersion = "Xcode 3.2";
			developmentRegion = en;
			hasScannedForEncodings = 0;
			knownRegions = (
				en,
				Base,
			);
			mainGroup = 83CBB9F61A601CBA00E9B192;
			productRefGroup = 83CBBA001A601CBA00E9B192 /* Products */;
			projectDirPath = "";
			projectRoot = "";
			targets = (
				13B07F861A680F5B00A75B9A /* securitysystem */,
			);
		};
/* End PBXProject section */

/* Begin PBXResourcesBuildPhase section */
		13B07F8E1A680F5B00A75B9A /* Resources */ = {
			isa = PBXResourcesBuildPhase;
			buildActionMask = 2147483647;
			files = (
				BB2F792D24A3F905000567C9 /* Expo.plist in Resources */,
				13B07FBF1A68108700A75B9A /* Images.xcassets in Resources */,
				13B07FBD1A68108700A75B9A /* LaunchScreen.xib in Resources */,
				3E461D99554A48A4959DE609 /* SplashScreen.storyboard in Resources */,
				2735E77AD4B34E7AA3E2BF25 /* Avenir Heavy.ttf in Resources */,
				1D036A5DB77E437799462AA9 /* Avenir Medium.ttf in Resources */,
				FB9A124538994C09905FBA9C /* AvenirLTStd-Black.otf in Resources */,
				64BFE55815AD49948036B692 /* AvenirLTStd-Book.otf in Resources */,
				58B61F5F93CE43EA9886C558 /* AvenirLTStd-Roman.otf in Resources */,
				6AB03977A0CC41C9B59C4F86 /* Brown Bold.ttf in Resources */,
				5307627889414AADBB68D5F4 /* FontsFree-Net-SFProText-Regular.ttf in Resources */,
				CD118600BA8743739E85ADFC /* GraphikRegular.otf in Resources */,
				4786A8A3020F4073A91ACDB0 /* HelveticaNeue-Regular.ttf in Resources */,
				C9DABF3F80EE4B63ADAEE2DF /* SFProDisplay-Regular.ttf in Resources */,
				A2F405E581634CA9BDBC4525 /* SFProDisplay-Semibold.ttf in Resources */,
				C4DAAFA50CAF40ADBDE72F37 /* SFProText-Semibold.ttf in Resources */,
				0104B300944C44DCB7052B95 /* AntDesign.ttf in Resources */,
				2A2442547CBB45619EA56306 /* Entypo.ttf in Resources */,
				3B1C2B2E81514E44B0506A62 /* EvilIcons.ttf in Resources */,
				3547494482164D599E0E8DF5 /* Feather.ttf in Resources */,
				7534FE09C21A4A139FA1EB55 /* FontAwesome.ttf in Resources */,
				18EF493417904703B6CE7DCB /* FontAwesome5_Brands.ttf in Resources */,
				64F117FE644A49F9B23659FD /* FontAwesome5_Regular.ttf in Resources */,
				B5C1F2B4EE87472DB3DAB72D /* FontAwesome5_Solid.ttf in Resources */,
				59ACF972424A41728CFD489A /* Fontisto.ttf in Resources */,
				5BDA3059BD1B42E88E36A763 /* Foundation.ttf in Resources */,
				2BEB387888C243E4A3C72738 /* Ionicons.ttf in Resources */,
				77BE5C452CD545399EB2BEE9 /* MaterialCommunityIcons.ttf in Resources */,
				757AFDC5041F4B7596241D96 /* MaterialIcons.ttf in Resources */,
				EB94767DB2C04D2081F1DD8E /* Octicons.ttf in Resources */,
				09AB0AE06D6747E58FBD6DB1 /* SimpleLineIcons.ttf in Resources */,
				5DC4112ED22D406F82D0AC34 /* Zocial.ttf in Resources */,
			);
			runOnlyForDeploymentPostprocessing = 0;
		};
/* End PBXResourcesBuildPhase section */

/* Begin PBXShellScriptBuildPhase section */
		00DD1BFF1BD5951E006B06BC /* Bundle React Native code and images */ = {
			isa = PBXShellScriptBuildPhase;
			buildActionMask = 2147483647;
			files = (
			);
			inputPaths = (
			);
			name = "Bundle React Native code and images";
			outputPaths = (
			);
			runOnlyForDeploymentPostprocessing = 0;
			shellPath = /bin/sh;
			shellScript = "export NODE_BINARY=node\n../node_modules/react-native/scripts/react-native-xcode.sh\n../node_modules/expo-constants/scripts/get-app-config-ios.sh\n../node_modules/expo-updates/scripts/create-manifest-ios.sh\n";
		};
		08A4A3CD28434E44B6B9DE2E /* [CP] Check Pods Manifest.lock */ = {
			isa = PBXShellScriptBuildPhase;
			buildActionMask = 2147483647;
			files = (
			);
			inputFileListPaths = (
			);
			inputPaths = (
				"${PODS_PODFILE_DIR_PATH}/Podfile.lock",
				"${PODS_ROOT}/Manifest.lock",
			);
			name = "[CP] Check Pods Manifest.lock";
			outputFileListPaths = (
			);
			outputPaths = (
				"$(DERIVED_FILE_DIR)/Pods-securitysystem-checkManifestLockResult.txt",
			);
			runOnlyForDeploymentPostprocessing = 0;
			shellPath = /bin/sh;
			shellScript = "diff \"${PODS_PODFILE_DIR_PATH}/Podfile.lock\" \"${PODS_ROOT}/Manifest.lock\" > /dev/null\nif [ $? != 0 ] ; then\n    # print error to STDERR\n    echo \"error: The sandbox is not in sync with the Podfile.lock. Run 'pod install' or update your CocoaPods installation.\" >&2\n    exit 1\nfi\n# This output is used by Xcode 'outputs' to avoid re-running this script phase.\necho \"SUCCESS\" > \"${SCRIPT_OUTPUT_FILE_0}\"\n";
			showEnvVarsInLog = 0;
		};
		800E24972A6A228C8D4807E9 /* [CP] Copy Pods Resources */ = {
			isa = PBXShellScriptBuildPhase;
			buildActionMask = 2147483647;
			files = (
			);
			inputPaths = (
				"${PODS_ROOT}/Target Support Files/Pods-securitysystem/Pods-securitysystem-resources.sh",
				"${PODS_CONFIGURATION_BUILD_DIR}/React-Core/AccessibilityResources.bundle",
			);
			name = "[CP] Copy Pods Resources";
			outputPaths = (
				"${TARGET_BUILD_DIR}/${UNLOCALIZED_RESOURCES_FOLDER_PATH}/AccessibilityResources.bundle",
			);
			runOnlyForDeploymentPostprocessing = 0;
			shellPath = /bin/sh;
			shellScript = "\"${PODS_ROOT}/Target Support Files/Pods-securitysystem/Pods-securitysystem-resources.sh\"\n";
			showEnvVarsInLog = 0;
		};
		FD10A7F022414F080027D42C /* Start Packager */ = {
			isa = PBXShellScriptBuildPhase;
			buildActionMask = 2147483647;
			files = (
			);
			inputFileListPaths = (
			);
			inputPaths = (
			);
			name = "Start Packager";
			outputFileListPaths = (
			);
			outputPaths = (
			);
			runOnlyForDeploymentPostprocessing = 0;
			shellPath = /bin/sh;
			shellScript = "export RCT_METRO_PORT=\"${RCT_METRO_PORT:=8081}\"\necho \"export RCT_METRO_PORT=${RCT_METRO_PORT}\" > \"${SRCROOT}/../node_modules/react-native/scripts/.packager.env\"\nif [ -z \"${RCT_NO_LAUNCH_PACKAGER+xxx}\" ] ; then\n  if nc -w 5 -z localhost ${RCT_METRO_PORT} ; then\n    if ! curl -s \"http://localhost:${RCT_METRO_PORT}/status\" | grep -q \"packager-status:running\" ; then\n      echo \"Port ${RCT_METRO_PORT} already in use, packager is either not running or not running correctly\"\n      exit 2\n    fi\n  else\n    open \"$SRCROOT/../node_modules/react-native/scripts/launchPackager.command\" || echo \"Can't start packager automatically\"\n  fi\nfi\n";
			showEnvVarsInLog = 0;
		};
/* End PBXShellScriptBuildPhase section */

/* Begin PBXSourcesBuildPhase section */
		13B07F871A680F5B00A75B9A /* Sources */ = {
			isa = PBXSourcesBuildPhase;
			buildActionMask = 2147483647;
			files = (
				13B07FBC1A68108700A75B9A /* AppDelegate.m in Sources */,
				13B07FC11A68108700A75B9A /* main.m in Sources */,
			);
			runOnlyForDeploymentPostprocessing = 0;
		};
/* End PBXSourcesBuildPhase section */

/* Begin PBXVariantGroup section */
		13B07FB11A68108700A75B9A /* LaunchScreen.xib */ = {
			isa = PBXVariantGroup;
			children = (
				13B07FB21A68108700A75B9A /* Base */,
			);
			name = LaunchScreen.xib;
			path = securitysystem;
			sourceTree = "<group>";
		};
/* End PBXVariantGroup section */

/* Begin XCBuildConfiguration section */
		13B07F941A680F5B00A75B9A /* Debug */ = {
			isa = XCBuildConfiguration;
			baseConfigurationReference = 6C2E3173556A471DD304B334 /* Pods-securitysystem.debug.xcconfig */;
			buildSettings = {
				ASSETCATALOG_COMPILER_APPICON_NAME = AppIcon;
				CLANG_ENABLE_MODULES = YES;
				CURRENT_PROJECT_VERSION = 1;
				ENABLE_BITCODE = NO;
				GCC_PREPROCESSOR_DEFINITIONS = (
					"$(inherited)",
					"FB_SONARKIT_ENABLED=1",
				);
				INFOPLIST_FILE = securitysystem/Info.plist;
				IPHONEOS_DEPLOYMENT_TARGET = 11.0;
				LD_RUNPATH_SEARCH_PATHS = "$(inherited) @executable_path/Frameworks";
				OTHER_LDFLAGS = (
					"$(inherited)",
					"-ObjC",
					"-lc++",
				);
				PRODUCT_BUNDLE_IDENTIFIER = org.name.securitysystem;
				PRODUCT_NAME = securitysystem;
				SWIFT_OPTIMIZATION_LEVEL = "-Onone";
				SWIFT_VERSION = 5.0;
				VERSIONING_SYSTEM = "apple-generic";
			};
			name = Debug;
		};
		13B07F951A680F5B00A75B9A /* Release */ = {
			isa = XCBuildConfiguration;
			baseConfigurationReference = 7A4D352CD337FB3A3BF06240 /* Pods-securitysystem.release.xcconfig */;
			buildSettings = {
				ASSETCATALOG_COMPILER_APPICON_NAME = AppIcon;
				CLANG_ENABLE_MODULES = YES;
				CURRENT_PROJECT_VERSION = 1;
				INFOPLIST_FILE = securitysystem/Info.plist;
				IPHONEOS_DEPLOYMENT_TARGET = 11.0;
				LD_RUNPATH_SEARCH_PATHS = "$(inherited) @executable_path/Frameworks";
				OTHER_LDFLAGS = (
					"$(inherited)",
					"-ObjC",
					"-lc++",
				);
				PRODUCT_BUNDLE_IDENTIFIER = org.name.securitysystem;
				PRODUCT_NAME = securitysystem;
				SWIFT_VERSION = 5.0;
				VERSIONING_SYSTEM = "apple-generic";
			};
			name = Release;
		};
		83CBBA201A601CBA00E9B192 /* Debug */ = {
			isa = XCBuildConfiguration;
			buildSettings = {
				ALWAYS_SEARCH_USER_PATHS = NO;
				CLANG_ANALYZER_LOCALIZABILITY_NONLOCALIZED = YES;
				CLANG_CXX_LANGUAGE_STANDARD = "gnu++0x";
				CLANG_CXX_LIBRARY = "libc++";
				CLANG_ENABLE_MODULES = YES;
				CLANG_ENABLE_OBJC_ARC = YES;
				CLANG_WARN_BLOCK_CAPTURE_AUTORELEASING = YES;
				CLANG_WARN_BOOL_CONVERSION = YES;
				CLANG_WARN_COMMA = YES;
				CLANG_WARN_CONSTANT_CONVERSION = YES;
				CLANG_WARN_DEPRECATED_OBJC_IMPLEMENTATIONS = YES;
				CLANG_WARN_DIRECT_OBJC_ISA_USAGE = YES_ERROR;
				CLANG_WARN_EMPTY_BODY = YES;
				CLANG_WARN_ENUM_CONVERSION = YES;
				CLANG_WARN_INFINITE_RECURSION = YES;
				CLANG_WARN_INT_CONVERSION = YES;
				CLANG_WARN_NON_LITERAL_NULL_CONVERSION = YES;
				CLANG_WARN_OBJC_IMPLICIT_RETAIN_SELF = YES;
				CLANG_WARN_OBJC_LITERAL_CONVERSION = YES;
				CLANG_WARN_OBJC_ROOT_CLASS = YES_ERROR;
				CLANG_WARN_RANGE_LOOP_ANALYSIS = YES;
				CLANG_WARN_STRICT_PROTOTYPES = YES;
				CLANG_WARN_SUSPICIOUS_MOVE = YES;
				CLANG_WARN_UNREACHABLE_CODE = YES;
				CLANG_WARN__DUPLICATE_METHOD_MATCH = YES;
				"CODE_SIGN_IDENTITY[sdk=iphoneos*]" = "iPhone Developer";
				COPY_PHASE_STRIP = NO;
				ENABLE_STRICT_OBJC_MSGSEND = YES;
				ENABLE_TESTABILITY = YES;
				GCC_C_LANGUAGE_STANDARD = gnu99;
				GCC_DYNAMIC_NO_PIC = NO;
				GCC_NO_COMMON_BLOCKS = YES;
				GCC_OPTIMIZATION_LEVEL = 0;
				GCC_PREPROCESSOR_DEFINITIONS = (
					"DEBUG=1",
					"$(inherited)",
				);
				GCC_SYMBOLS_PRIVATE_EXTERN = NO;
				GCC_WARN_64_TO_32_BIT_CONVERSION = YES;
				GCC_WARN_ABOUT_RETURN_TYPE = YES_ERROR;
				GCC_WARN_UNDECLARED_SELECTOR = YES;
				GCC_WARN_UNINITIALIZED_AUTOS = YES_AGGRESSIVE;
				GCC_WARN_UNUSED_FUNCTION = YES;
				GCC_WARN_UNUSED_VARIABLE = YES;
				IPHONEOS_DEPLOYMENT_TARGET = 11.0;
				LD_RUNPATH_SEARCH_PATHS = "/usr/lib/swift $(inherited)";
				LIBRARY_SEARCH_PATHS = (
					"\"$(TOOLCHAIN_DIR)/usr/lib/swift/$(PLATFORM_NAME)\"",
					"\"$(TOOLCHAIN_DIR)/usr/lib/swift-5.0/$(PLATFORM_NAME)\"",
					"\"$(inherited)\"",
				);
				MTL_ENABLE_DEBUG_INFO = YES;
				ONLY_ACTIVE_ARCH = YES;
				SDKROOT = iphoneos;
			};
			name = Debug;
		};
		83CBBA211A601CBA00E9B192 /* Release */ = {
			isa = XCBuildConfiguration;
			buildSettings = {
				ALWAYS_SEARCH_USER_PATHS = NO;
				CLANG_ANALYZER_LOCALIZABILITY_NONLOCALIZED = YES;
				CLANG_CXX_LANGUAGE_STANDARD = "gnu++0x";
				CLANG_CXX_LIBRARY = "libc++";
				CLANG_ENABLE_MODULES = YES;
				CLANG_ENABLE_OBJC_ARC = YES;
				CLANG_WARN_BLOCK_CAPTURE_AUTORELEASING = YES;
				CLANG_WARN_BOOL_CONVERSION = YES;
				CLANG_WARN_COMMA = YES;
				CLANG_WARN_CONSTANT_CONVERSION = YES;
				CLANG_WARN_DEPRECATED_OBJC_IMPLEMENTATIONS = YES;
				CLANG_WARN_DIRECT_OBJC_ISA_USAGE = YES_ERROR;
				CLANG_WARN_EMPTY_BODY = YES;
				CLANG_WARN_ENUM_CONVERSION = YES;
				CLANG_WARN_INFINITE_RECURSION = YES;
				CLANG_WARN_INT_CONVERSION = YES;
				CLANG_WARN_NON_LITERAL_NULL_CONVERSION = YES;
				CLANG_WARN_OBJC_IMPLICIT_RETAIN_SELF = YES;
				CLANG_WARN_OBJC_LITERAL_CONVERSION = YES;
				CLANG_WARN_OBJC_ROOT_CLASS = YES_ERROR;
				CLANG_WARN_RANGE_LOOP_ANALYSIS = YES;
				CLANG_WARN_STRICT_PROTOTYPES = YES;
				CLANG_WARN_SUSPICIOUS_MOVE = YES;
				CLANG_WARN_UNREACHABLE_CODE = YES;
				CLANG_WARN__DUPLICATE_METHOD_MATCH = YES;
				"CODE_SIGN_IDENTITY[sdk=iphoneos*]" = "iPhone Developer";
				COPY_PHASE_STRIP = YES;
				ENABLE_NS_ASSERTIONS = NO;
				ENABLE_STRICT_OBJC_MSGSEND = YES;
				GCC_C_LANGUAGE_STANDARD = gnu99;
				GCC_NO_COMMON_BLOCKS = YES;
				GCC_WARN_64_TO_32_BIT_CONVERSION = YES;
				GCC_WARN_ABOUT_RETURN_TYPE = YES_ERROR;
				GCC_WARN_UNDECLARED_SELECTOR = YES;
				GCC_WARN_UNINITIALIZED_AUTOS = YES_AGGRESSIVE;
				GCC_WARN_UNUSED_FUNCTION = YES;
				GCC_WARN_UNUSED_VARIABLE = YES;
				IPHONEOS_DEPLOYMENT_TARGET = 11.0;
				LD_RUNPATH_SEARCH_PATHS = "/usr/lib/swift $(inherited)";
				LIBRARY_SEARCH_PATHS = (
					"\"$(TOOLCHAIN_DIR)/usr/lib/swift/$(PLATFORM_NAME)\"",
					"\"$(TOOLCHAIN_DIR)/usr/lib/swift-5.0/$(PLATFORM_NAME)\"",
					"\"$(inherited)\"",
				);
				MTL_ENABLE_DEBUG_INFO = NO;
				SDKROOT = iphoneos;
				VALIDATE_PRODUCT = YES;
			};
			name = Release;
		};
/* End XCBuildConfiguration section */

/* Begin XCConfigurationList section */
		13B07F931A680F5B00A75B9A /* Build configuration list for PBXNativeTarget "securitysystem" */ = {
			isa = XCConfigurationList;
			buildConfigurations = (
				13B07F941A680F5B00A75B9A /* Debug */,
				13B07F951A680F5B00A75B9A /* Release */,
			);
			defaultConfigurationIsVisible = 0;
			defaultConfigurationName = Release;
		};
		83CBB9FA1A601CBA00E9B192 /* Build configuration list for PBXProject "securitysystem" */ = {
			isa = XCConfigurationList;
			buildConfigurations = (
				83CBBA201A601CBA00E9B192 /* Debug */,
				83CBBA211A601CBA00E9B192 /* Release */,
			);
			defaultConfigurationIsVisible = 0;
			defaultConfigurationName = Release;
		};
/* End XCConfigurationList section */
	};
	rootObject = 83CBB9F71A601CBA00E9B192 /* Project object */;
}
